NeoBundleLock Gundo f443470b96364c24a775629418a6b2562ec9173e
NeoBundleLock TaskList.vim 8e2dfdcc6e13d8afab5b3f620ee06ebb29b786f9
NeoBundleLock delimitMate b5719054beebe0135c94f4711a06dc7588041f09
NeoBundleLock emmet-vim f4b097af50833964e15f17192f2d1c336e34936e
NeoBundleLock matchit.zip ced6c409c9beeb0b4142d21906606bd194411d1d
NeoBundleLock minibufexpl.vim ad72976ca3df4585d49aa296799f14f3b34cf953
NeoBundleLock neobundle.vim 30c40ccbfc6371fb922eece6e0657eb5da9e479b
NeoBundleLock nerdtree 2e2b649232d6ae4d02d74793e5da0ee08480ad8d
NeoBundleLock nerdtree-fugitive f7acffdc05b5db893daa8201f3ff85945da50fcb
NeoBundleLock rainbow_parentheses.vim eb8baa5428bde10ecc1cb14eed1d6e16f5f24695
NeoBundleLock syntastic 25a1ddbdd73778a8b3ad16fda73ffcaf223f22df
NeoBundleLock tabular 00e1e7fcdbc6d753e0bc8043e0d2546fa81bf367
NeoBundleLock tagbar 7b36c46d17d57db34fdb0adac9ba6382d0bb5e66
NeoBundleLock ultisnips ff10513cddc36f316e5d848c9b54aa8dd9ba9cd5
NeoBundleLock unite-colorscheme 505157450fe1a967c6c044d3bfe18d896e3d5d08
NeoBundleLock unite-everything b7f1a51e6adf9a61436e9fccee117fed40961b0a
NeoBundleLock unite-font 499603ca6c806d52634e6fec2e9f941135f4ce8d
NeoBundleLock unite-help 5a8dc6cf157627f8ebf16ca60dec2d4125f8008f
NeoBundleLock unite-launch c4d16f87f2eea26b0fab6b744601d90f4ea89dcf
NeoBundleLock unite-locate a748cdefe89748be3754aaa8c7643d05c30534e0
NeoBundleLock unite.vim 9696ff5c8c74a328ee7e02b512e0718fc08bf080
NeoBundleLock vim-airline d00f7b35d2e615ce7a120214e4615912fc09e630
NeoBundleLock vim-airline-themes 8b58708ec4318cee43a878ea74f7dedb61c8f07a
NeoBundleLock vim-colors-solarized 528a59f26d12278698bb946f8fb82a63711eec21
NeoBundleLock vim-easymotion 5c6f3cd9a713491e6b32752a05c45198aa91540a
NeoBundleLock vim-fugitive aac85a268e89a6c8be79341e130ac90256fadbd6
NeoBundleLock vim-indent-guides 018298ead9d3aa9cd3b4ae222f81022a33978b09
NeoBundleLock vim-numbertoggle c4d0aaccce5798fd55649d169de262f3dac06312
NeoBundleLock vim-powerline 114f8e5c204f1cac9b2443065910fa182de39fb8
NeoBundleLock vim-quickrun 5149ecd1502b7fc2583cb8799ac1a0c72c41f828
NeoBundleLock vim-repeat 7a6675f092842c8f81e71d5345bd7cdbf3759415
NeoBundleLock vim-snippets 0f233ad4c63edb23fe3816f2d49040046bf03869
NeoBundleLock vim-surround e49d6c2459e0f5569ff2d533b4df995dd7f98313
NeoBundleLock vim-table-mode 96236638a80fe73fa649824c9df25831a0042373
NeoBundleLock vim-trailing-whitespace 733fb64337b6da4a51c85a43450cd620d8b617b5
NeoBundleLock vim-unite-history 73c766a4dcaa52a1c0306aad81403dc4457c1776
NeoBundleLock vimwiki 4831384ab9f1c40c9e433857d958c4d9a7beb8ec
NeoBundleLock youcompleteme 57c576090056c3c23f580c4f68ff839e22b24e48
