NeoBundleLock Gundo f443470b96364c24a775629418a6b2562ec9173e
NeoBundleLock TaskList.vim 8e2dfdcc6e13d8afab5b3f620ee06ebb29b786f9
NeoBundleLock delimitMate b5719054beebe0135c94f4711a06dc7588041f09
NeoBundleLock emmet-vim f4b097af50833964e15f17192f2d1c336e34936e
NeoBundleLock matchit.zip ced6c409c9beeb0b4142d21906606bd194411d1d
NeoBundleLock minibufexpl.vim ad72976ca3df4585d49aa296799f14f3b34cf953
NeoBundleLock neobundle.vim 9c62a8fcf9eb42d3956c703943c99f06a63112e6
NeoBundleLock nerdtree 4428aba2a299cbd117c80e7d18068b2cbb222fff
NeoBundleLock nerdtree-fugitive f7acffdc05b5db893daa8201f3ff85945da50fcb
NeoBundleLock rainbow_parentheses.vim eb8baa5428bde10ecc1cb14eed1d6e16f5f24695
NeoBundleLock syntastic f527cb1a2d768cb48464048724172160c72f6a51
NeoBundleLock tabular 00e1e7fcdbc6d753e0bc8043e0d2546fa81bf367
NeoBundleLock tagbar 7b36c46d17d57db34fdb0adac9ba6382d0bb5e66
NeoBundleLock ultisnips ff10513cddc36f316e5d848c9b54aa8dd9ba9cd5
NeoBundleLock unite-colorscheme 505157450fe1a967c6c044d3bfe18d896e3d5d08
NeoBundleLock unite-everything b7f1a51e6adf9a61436e9fccee117fed40961b0a
NeoBundleLock unite-font 499603ca6c806d52634e6fec2e9f941135f4ce8d
NeoBundleLock unite-help 5a8dc6cf157627f8ebf16ca60dec2d4125f8008f
NeoBundleLock unite-launch c4d16f87f2eea26b0fab6b744601d90f4ea89dcf
NeoBundleLock unite-locate a748cdefe89748be3754aaa8c7643d05c30534e0
NeoBundleLock unite.vim af6e6459e5eb11796cf535246043f0eaf29fd3de
NeoBundleLock vim-airline ea98b42a0d7ee7888bcdbb5235b1a704526db1cf
NeoBundleLock vim-airline-themes 020b843077f6b2b3b85070b08203babbffbfeaca
NeoBundleLock vim-colors-solarized 528a59f26d12278698bb946f8fb82a63711eec21
NeoBundleLock vim-easymotion 5c6f3cd9a713491e6b32752a05c45198aa91540a
NeoBundleLock vim-fugitive aac85a268e89a6c8be79341e130ac90256fadbd6
NeoBundleLock vim-indent-guides 018298ead9d3aa9cd3b4ae222f81022a33978b09
NeoBundleLock vim-numbertoggle c4d0aaccce5798fd55649d169de262f3dac06312
NeoBundleLock vim-powerline 114f8e5c204f1cac9b2443065910fa182de39fb8
NeoBundleLock vim-quickrun 5149ecd1502b7fc2583cb8799ac1a0c72c41f828
NeoBundleLock vim-repeat 7a6675f092842c8f81e71d5345bd7cdbf3759415
NeoBundleLock vim-snippets 29da80c18df0cf3bb76ea963f5cf7b8ed71cd33e
NeoBundleLock vim-surround e49d6c2459e0f5569ff2d533b4df995dd7f98313
NeoBundleLock vim-table-mode 8bacd0ba660e94e0bf7e1a41e803df58be4c7376
NeoBundleLock vim-trailing-whitespace 733fb64337b6da4a51c85a43450cd620d8b617b5
NeoBundleLock vim-unite-history 73c766a4dcaa52a1c0306aad81403dc4457c1776
NeoBundleLock vimwiki 4831384ab9f1c40c9e433857d958c4d9a7beb8ec
NeoBundleLock youcompleteme d38ffc54461963c4495fefdd8b0c3d706f72d957
